{
  "nodes": {
    "home-manager": {
      "inputs": {
        "nixpkgs": [
          "nixpkgs"
        ],
        "utils": "utils"
      },
      "locked": {
        "lastModified": 1661824092,
        "narHash": "sha256-nSWLWytlXbeLrx5A+r5Pso7CvVrX5EgmIIXW/EXvPHQ=",
        "owner": "nix-community",
        "repo": "home-manager",
        "rev": "5bd66dc6cd967033489c69d486402b75d338eeb6",
        "type": "github"
      },
      "original": {
        "owner": "nix-community",
        "repo": "home-manager",
        "type": "github"
      }
    },
    "nixpkgs": {
      "locked": {
        "lastModified": 1661931183,
        "narHash": "sha256-0+2KzcexiJCB3Il5t7cZAM2RXNRfm5/gMCwhcZJxLuQ=",
        "owner": "nixos",
        "repo": "nixpkgs",
        "rev": "97747d3209efde533f7b1b28f1be11619f556a06",
        "type": "github"
      },
      "original": {
        "owner": "nixos",
        "ref": "nixos-unstable",
        "repo": "nixpkgs",
        "type": "github"
      }
    },
    "root": {
      "inputs": {
        "home-manager": "home-manager",
        "nixpkgs": "nixpkgs"
      }
    },
    "utils": {
      "locked": {
        "lastModified": 1653893745,
        "narHash": "sha256-0jntwV3Z8//YwuOjzhV2sgJJPt+HY6KhU7VZUL0fKZQ=",
        "owner": "numtide",
        "repo": "flake-utils",
        "rev": "1ed9fb1935d260de5fe1c2f7ee0ebaae17ed2fa1",
        "type": "github"
      },
      "original": {
        "owner": "numtide",
        "repo": "flake-utils",
        "type": "github"
      }
    }
  },
  "root": "root",
  "version": 7
}
